// !$*UTF8*$!
{
archiveVersion = 1;
classes = {};
objectVersion = 60;
objects = {
8F9FB37E53779044BF85BE1D = {isa = PBXFileReference; lastKnownFileType = sourcecode.swift; path = "App/BetweenUsPhysicsDemoApp.swift"; sourceTree = "<group>";};
D3552C4F5EB0B5D6EA149B01 = {isa = PBXBuildFile; fileRef = 8F9FB37E53779044BF85BE1D;};
9FCF1970BE544E8A5053E011 = {isa = PBXFileReference; lastKnownFileType = sourcecode.swift; path = "App/CatalogDemoView.swift"; sourceTree = "<group>";};
A2E3B18CF1F858173A5A7812 = {isa = PBXBuildFile; fileRef = 9FCF1970BE544E8A5053E011;};
B3E52A9F169197DE2672EF2C = {isa = PBXFileReference; lastKnownFileType = sourcecode.swift; path = "Sources/PhysicsCore/PhysicsConfiguration.swift"; sourceTree = "<group>";};
6F6D2AEEE8752B4155171620 = {isa = PBXBuildFile; fileRef = B3E52A9F169197DE2672EF2C;};
DEDF737F05A720939BBB0FB1 = {isa = PBXFileReference; lastKnownFileType = sourcecode.swift; path = "Sources/PhysicsCore/PhysicsGeometry.swift"; sourceTree = "<group>";};
C489AF4E5D22E2FF37122B8F = {isa = PBXBuildFile; fileRef = DEDF737F05A720939BBB0FB1;};
B1E65499A038E845C8B04187 = {isa = PBXFileReference; lastKnownFileType = sourcecode.swift; path = "Sources/PhysicsCore/ResourceCatalog.swift"; sourceTree = "<group>";};
8136C63C7C857F469CBA5283 = {isa = PBXBuildFile; fileRef = B1E65499A038E845C8B04187;};
2D1453DBD82A951742CC98BE = {isa = PBXFileReference; lastKnownFileType = sourcecode.swift; path = "Sources/PhysicsCore/TokenQueue.swift"; sourceTree = "<group>";};
4DC3914DE427551A4EA75E47 = {isa = PBXBuildFile; fileRef = 2D1453DBD82A951742CC98BE;};
5C198C2805D093CC6E7BB255 = {isa = PBXFileReference; lastKnownFileType = sourcecode.swift; path = "Sources/PhysicsUI/PhysicsFactory.swift"; sourceTree = "<group>";};
08CA5D8651E1B577BF84A8A3 = {isa = PBXBuildFile; fileRef = 5C198C2805D093CC6E7BB255;};
2938247C12099C75959249A1 = {isa = PBXFileReference; lastKnownFileType = sourcecode.swift; path = "Sources/PhysicsUI/PhysicsSceneView.swift"; sourceTree = "<group>";};
409DF772258C12CDF0149FDF = {isa = PBXBuildFile; fileRef = 2938247C12099C75959249A1;};
A56C32105226E499228F085B = {isa = PBXFileReference; lastKnownFileType = sourcecode.swift; path = "Sources/PhysicsUI/VesselPhysicsScene.swift"; sourceTree = "<group>";};
05CCAA0695CFD011B80F5CA8 = {isa = PBXBuildFile; fileRef = A56C32105226E499228F085B;};
0ED4F1DCC6FBE4A93AF56F43 = {isa = PBXFileReference; lastKnownFileType = sourcecode.swift; path = "Sources/PhysicsUI/VesselRenderer.swift"; sourceTree = "<group>";};
C76471A45FEFC9925D112987 = {isa = PBXBuildFile; fileRef = 0ED4F1DCC6FBE4A93AF56F43;};
2F71FC8708ADBAA56AFADB62 = {isa = PBXFileReference; lastKnownFileType = sourcecode.swift; path = "Tests/ApplePhysicsTests/ApplePhysicsTests.swift"; sourceTree = "<group>";};
D5F89104A10EDAC381CFE343 = {isa = PBXBuildFile; fileRef = 2F71FC8708ADBAA56AFADB62;};
3685E330EC5277A9DD5661C6 = {isa = PBXFileReference; lastKnownFileType = folder.assetcatalog; path = Assets.xcassets; sourceTree = "<group>";};
04200CFFD12D083534B07BB1 = {isa = PBXBuildFile; fileRef = 3685E330EC5277A9DD5661C6;};
F78A71AF8BBF8CC2F6F31354 = {isa = PBXFileReference; lastKnownFileType = net.daringfireball.markdown; path = "使用说明.md"; sourceTree = "<group>";};
6D795F13C8C22E022040EE00 = {isa = PBXFileReference; explicitFileType = wrapper.application; path = BetweenUsPhysicsDemo.app; sourceTree = BUILT_PRODUCTS_DIR; includeInIndex = 0;};
AEAE4B28CDFF08F590396BA5 = {isa = PBXFileReference; explicitFileType = wrapper.cfbundle; path = ApplePhysicsTests.xctest; sourceTree = BUILT_PRODUCTS_DIR; includeInIndex = 0;};
FBDC4F23F93125BBEEAE800C = {isa = PBXGroup; name = Products; children = (6D795F13C8C22E022040EE00,AEAE4B28CDFF08F590396BA5,); sourceTree = "<group>";};
B28B7AF69320201D1CF206EB = {isa = PBXGroup; children = (8F9FB37E53779044BF85BE1D,9FCF1970BE544E8A5053E011,B3E52A9F169197DE2672EF2C,DEDF737F05A720939BBB0FB1,B1E65499A038E845C8B04187,2D1453DBD82A951742CC98BE,5C198C2805D093CC6E7BB255,2938247C12099C75959249A1,A56C32105226E499228F085B,0ED4F1DCC6FBE4A93AF56F43,2F71FC8708ADBAA56AFADB62,3685E330EC5277A9DD5661C6,F78A71AF8BBF8CC2F6F31354,FBDC4F23F93125BBEEAE800C,); sourceTree = "<group>";};
28E30B7D232F9B4B78778CA2 = {isa = PBXSourcesBuildPhase; buildActionMask = 2147483647; files = (D3552C4F5EB0B5D6EA149B01,A2E3B18CF1F858173A5A7812,6F6D2AEEE8752B4155171620,C489AF4E5D22E2FF37122B8F,8136C63C7C857F469CBA5283,4DC3914DE427551A4EA75E47,08CA5D8651E1B577BF84A8A3,409DF772258C12CDF0149FDF,05CCAA0695CFD011B80F5CA8,C76471A45FEFC9925D112987,); runOnlyForDeploymentPostprocessing = 0;};
DB8BF58B205897CD1F523426 = {isa = PBXFrameworksBuildPhase; buildActionMask = 2147483647; files = (); runOnlyForDeploymentPostprocessing = 0;};
3041AE76937E007EAD4D4CC7 = {isa = PBXResourcesBuildPhase; buildActionMask = 2147483647; files = (04200CFFD12D083534B07BB1,); runOnlyForDeploymentPostprocessing = 0;};
BC240C47C5208228858FE562 = {isa = PBXSourcesBuildPhase; buildActionMask = 2147483647; files = (D5F89104A10EDAC381CFE343,); runOnlyForDeploymentPostprocessing = 0;};
A4857E9F6FF3D1EA05B24DE0 = {isa = PBXFrameworksBuildPhase; buildActionMask = 2147483647; files = (); runOnlyForDeploymentPostprocessing = 0;};
98146F85E22CE99C52624CAA = {isa = PBXResourcesBuildPhase; buildActionMask = 2147483647; files = (); runOnlyForDeploymentPostprocessing = 0;};
89E1FD6268CC0F221A2BE178 = {isa = XCBuildConfiguration; name = Debug; buildSettings = {ALWAYS_SEARCH_USER_PATHS = NO; CLANG_ENABLE_MODULES = YES; CLANG_ENABLE_OBJC_ARC = YES; IPHONEOS_DEPLOYMENT_TARGET = 17.0; SDKROOT = iphoneos; SWIFT_VERSION = 5.0; SWIFT_OPTIMIZATION_LEVEL = "-Onone"; DEBUG_INFORMATION_FORMAT = dwarf; ENABLE_TESTABILITY = YES; ONLY_ACTIVE_ARCH = YES; SWIFT_ACTIVE_COMPILATION_CONDITIONS = DEBUG;};};
E6DE6C99132752C914FEF632 = {isa = XCBuildConfiguration; name = Release; buildSettings = {ALWAYS_SEARCH_USER_PATHS = NO; CLANG_ENABLE_MODULES = YES; CLANG_ENABLE_OBJC_ARC = YES; IPHONEOS_DEPLOYMENT_TARGET = 17.0; SDKROOT = iphoneos; SWIFT_VERSION = 5.0; SWIFT_OPTIMIZATION_LEVEL = "-O"; SWIFT_COMPILATION_MODE = wholemodule; DEBUG_INFORMATION_FORMAT = "dwarf-with-dsym";};};
FBD3510CED826C9DAA696E48 = {isa = XCConfigurationList; buildConfigurations = (89E1FD6268CC0F221A2BE178,E6DE6C99132752C914FEF632,); defaultConfigurationIsVisible = 0; defaultConfigurationName = Release;};
E9B2E96ABC5F6856F2BE79CF = {isa = XCBuildConfiguration; name = Debug; buildSettings = {CODE_SIGN_STYLE = Automatic; CURRENT_PROJECT_VERSION = 2; GENERATE_INFOPLIST_FILE = YES; INFOPLIST_KEY_CFBundleDisplayName = "容器物理试验"; INFOPLIST_KEY_UIApplicationSceneManifest_Generation = YES; INFOPLIST_KEY_UILaunchScreen_Generation = YES; INFOPLIST_KEY_UISupportedInterfaceOrientations = UIInterfaceOrientationPortrait; LD_RUNPATH_SEARCH_PATHS = "$(inherited) @executable_path/Frameworks"; MARKETING_VERSION = 2.0; PRODUCT_BUNDLE_IDENTIFIER = dev.local.BetweenUsPhysicsDemo; PRODUCT_NAME = "$(TARGET_NAME)"; SUPPORTED_PLATFORMS = "iphoneos iphonesimulator"; SUPPORTS_MACCATALYST = NO; TARGETED_DEVICE_FAMILY = "1,2"; SWIFT_OPTIMIZATION_LEVEL = "-Onone"; DEBUG_INFORMATION_FORMAT = dwarf; ENABLE_TESTABILITY = YES; ONLY_ACTIVE_ARCH = YES; SWIFT_ACTIVE_COMPILATION_CONDITIONS = DEBUG;};};
5A8C91857F674E16E2724F47 = {isa = XCBuildConfiguration; name = Release; buildSettings = {CODE_SIGN_STYLE = Automatic; CURRENT_PROJECT_VERSION = 2; GENERATE_INFOPLIST_FILE = YES; INFOPLIST_KEY_CFBundleDisplayName = "容器物理试验"; INFOPLIST_KEY_UIApplicationSceneManifest_Generation = YES; INFOPLIST_KEY_UILaunchScreen_Generation = YES; INFOPLIST_KEY_UISupportedInterfaceOrientations = UIInterfaceOrientationPortrait; LD_RUNPATH_SEARCH_PATHS = "$(inherited) @executable_path/Frameworks"; MARKETING_VERSION = 2.0; PRODUCT_BUNDLE_IDENTIFIER = dev.local.BetweenUsPhysicsDemo; PRODUCT_NAME = "$(TARGET_NAME)"; SUPPORTED_PLATFORMS = "iphoneos iphonesimulator"; SUPPORTS_MACCATALYST = NO; TARGETED_DEVICE_FAMILY = "1,2"; SWIFT_OPTIMIZATION_LEVEL = "-O"; SWIFT_COMPILATION_MODE = wholemodule; DEBUG_INFORMATION_FORMAT = "dwarf-with-dsym";};};
3ADB3100893F0122E432328D = {isa = XCConfigurationList; buildConfigurations = (E9B2E96ABC5F6856F2BE79CF,5A8C91857F674E16E2724F47,); defaultConfigurationIsVisible = 0; defaultConfigurationName = Release;};
FCB48D8F88BCDB0ED9FADFD7 = {isa = XCBuildConfiguration; name = Debug; buildSettings = {CODE_SIGN_STYLE = Automatic; GENERATE_INFOPLIST_FILE = YES; BUNDLE_LOADER = "$(TEST_HOST)"; TEST_HOST = "$(BUILT_PRODUCTS_DIR)/BetweenUsPhysicsDemo.app/$(BUNDLE_EXECUTABLE_FOLDER_PATH)/BetweenUsPhysicsDemo"; PRODUCT_BUNDLE_IDENTIFIER = dev.local.BetweenUsPhysicsDemoTests; PRODUCT_NAME = "$(TARGET_NAME)"; LD_RUNPATH_SEARCH_PATHS = "$(inherited) @executable_path/Frameworks @loader_path/Frameworks"; TARGETED_DEVICE_FAMILY = "1,2"; SWIFT_OPTIMIZATION_LEVEL = "-Onone"; DEBUG_INFORMATION_FORMAT = dwarf; ENABLE_TESTABILITY = YES; ONLY_ACTIVE_ARCH = YES; SWIFT_ACTIVE_COMPILATION_CONDITIONS = DEBUG;};};
942EEBBACD6C88CAE7F29B29 = {isa = XCBuildConfiguration; name = Release; buildSettings = {CODE_SIGN_STYLE = Automatic; GENERATE_INFOPLIST_FILE = YES; BUNDLE_LOADER = "$(TEST_HOST)"; TEST_HOST = "$(BUILT_PRODUCTS_DIR)/BetweenUsPhysicsDemo.app/$(BUNDLE_EXECUTABLE_FOLDER_PATH)/BetweenUsPhysicsDemo"; PRODUCT_BUNDLE_IDENTIFIER = dev.local.BetweenUsPhysicsDemoTests; PRODUCT_NAME = "$(TARGET_NAME)"; LD_RUNPATH_SEARCH_PATHS = "$(inherited) @executable_path/Frameworks @loader_path/Frameworks"; TARGETED_DEVICE_FAMILY = "1,2"; SWIFT_OPTIMIZATION_LEVEL = "-O"; SWIFT_COMPILATION_MODE = wholemodule; DEBUG_INFORMATION_FORMAT = "dwarf-with-dsym";};};
57950A58A4374066B2AF45DD = {isa = XCConfigurationList; buildConfigurations = (FCB48D8F88BCDB0ED9FADFD7,942EEBBACD6C88CAE7F29B29,); defaultConfigurationIsVisible = 0; defaultConfigurationName = Release;};
D799BAE6088A90139B415FCC = {isa = PBXContainerItemProxy; containerPortal = 98F54143AB4E86B28C3AFEE0; proxyType = 1; remoteGlobalIDString = 874E7FD7A39CF1D6319F589D; remoteInfo = BetweenUsPhysicsDemo;};
E9FAD0C6CD43534327C0AF90 = {isa = PBXTargetDependency; target = 874E7FD7A39CF1D6319F589D; targetProxy = D799BAE6088A90139B415FCC;};
874E7FD7A39CF1D6319F589D = {isa = PBXNativeTarget; buildConfigurationList = 3ADB3100893F0122E432328D; buildPhases = (28E30B7D232F9B4B78778CA2,DB8BF58B205897CD1F523426,3041AE76937E007EAD4D4CC7,); buildRules = (); dependencies = (); name = BetweenUsPhysicsDemo; productName = BetweenUsPhysicsDemo; productReference = 6D795F13C8C22E022040EE00; productType = "com.apple.product-type.application";};
C3769DB3E0FDCF115F76F98F = {isa = PBXNativeTarget; buildConfigurationList = 57950A58A4374066B2AF45DD; buildPhases = (BC240C47C5208228858FE562,A4857E9F6FF3D1EA05B24DE0,98146F85E22CE99C52624CAA,); buildRules = (); dependencies = (E9FAD0C6CD43534327C0AF90,); name = ApplePhysicsTests; productName = ApplePhysicsTests; productReference = AEAE4B28CDFF08F590396BA5; productType = "com.apple.product-type.bundle.unit-test";};
98F54143AB4E86B28C3AFEE0 = {isa = PBXProject; attributes = { BuildIndependentTargetsInParallel = YES; LastUpgradeCheck = 1600; TargetAttributes = { 874E7FD7A39CF1D6319F589D = {CreatedOnToolsVersion = 16.0;}; C3769DB3E0FDCF115F76F98F = {CreatedOnToolsVersion = 16.0; TestTargetID = 874E7FD7A39CF1D6319F589D;}; }; };
buildConfigurationList = FBD3510CED826C9DAA696E48; compatibilityVersion = "Xcode 15.0"; developmentRegion = "zh-Hans"; knownRegions = ("zh-Hans",en,Base,); mainGroup = B28B7AF69320201D1CF206EB; productRefGroup = FBDC4F23F93125BBEEAE800C; projectDirPath = ""; projectRoot = ""; targets = (874E7FD7A39CF1D6319F589D,C3769DB3E0FDCF115F76F98F,);};
};
rootObject = 98F54143AB4E86B28C3AFEE0;
}
